
Microsoft Visual Studio Solution File, Format Version 12.00
# Visual Studio Version 16
VisualStudioVersion = 16.0.34601.136
MinimumVisualStudioVersion = 10.0.40219.1
Project("{FAE04EC0-301F-11D3-BF4B-00C04F79EFBC}") = "Rock , Paper , Scissor", "Rock , Paper , Scissor.\Rock , Paper , Scissor.csproj", "{4EFF5455-3861-481A-A02F-F32FB3DFCDF5}"
EndProject
Global
	GlobalSection(SolutionConfigurationPlatforms) = preSolution
		Debug|Any CPU = Debug|Any CPU
		Release|Any CPU = Release|Any CPU
	EndGlobalSection
	GlobalSection(ProjectConfigurationPlatforms) = postSolution
		{4EFF5455-3861-481A-A02F-F32FB3DFCDF5}.Debug|Any CPU.ActiveCfg = Debug|Any CPU
		{4EFF5455-3861-481A-A02F-F32FB3DFCDF5}.Debug|Any CPU.Build.0 = Debug|Any CPU
		{4EFF5455-3861-481A-A02F-F32FB3DFCDF5}.Release|Any CPU.ActiveCfg = Release|Any CPU
		{4EFF5455-3861-481A-A02F-F32FB3DFCDF5}.Release|Any CPU.Build.0 = Release|Any CPU
	EndGlobalSection
	GlobalSection(SolutionProperties) = preSolution
		HideSolutionNode = FALSE
	EndGlobalSection
	GlobalSection(ExtensibilityGlobals) = postSolution
		SolutionGuid = {56C44D80-57AB-4247-861C-3842DBD8BBFF}
	EndGlobalSection
EndGlobal
